
Microsoft Visual Studio Solution File, Format Version 12.00
# Visual Studio Version 17
VisualStudioVersion = 17.9.34616.47
MinimumVisualStudioVersion = 10.0.40219.1
Project("{9A19103F-16F7-4668-BE54-9A1E7A4F7556}") = "Persistence", "Persistence\Persistence.csproj", "{1DBE721A-0627-4371-8DC8-E57E7F27D707}"
EndProject
Project("{9A19103F-16F7-4668-BE54-9A1E7A4F7556}") = "Core", "Core\Core.csproj", "{C9CC4960-6165-4443-B736-ADB6F41503E6}"
EndProject
Global
	GlobalSection(SolutionConfigurationPlatforms) = preSolution
		Debug|Any CPU = Debug|Any CPU
		Release|Any CPU = Release|Any CPU
	EndGlobalSection
	GlobalSection(ProjectConfigurationPlatforms) = postSolution
		{1DBE721A-0627-4371-8DC8-E57E7F27D707}.Debug|Any CPU.ActiveCfg = Debug|Any CPU
		{1DBE721A-0627-4371-8DC8-E57E7F27D707}.Debug|Any CPU.Build.0 = Debug|Any CPU
		{1DBE721A-0627-4371-8DC8-E57E7F27D707}.Release|Any CPU.ActiveCfg = Release|Any CPU
		{1DBE721A-0627-4371-8DC8-E57E7F27D707}.Release|Any CPU.Build.0 = Release|Any CPU
		{C9CC4960-6165-4443-B736-ADB6F41503E6}.Debug|Any CPU.ActiveCfg = Debug|Any CPU
		{C9CC4960-6165-4443-B736-ADB6F41503E6}.Debug|Any CPU.Build.0 = Debug|Any CPU
		{C9CC4960-6165-4443-B736-ADB6F41503E6}.Release|Any CPU.ActiveCfg = Release|Any CPU
		{C9CC4960-6165-4443-B736-ADB6F41503E6}.Release|Any CPU.Build.0 = Release|Any CPU
	EndGlobalSection
	GlobalSection(SolutionProperties) = preSolution
		HideSolutionNode = FALSE
	EndGlobalSection
	GlobalSection(ExtensibilityGlobals) = postSolution
		SolutionGuid = {C87B949E-E7E3-4E45-9F43-9611066D21E1}
	EndGlobalSection
EndGlobal
